
Microsoft Visual Studio Solution File, Format Version 12.00
# Visual Studio Version 17
VisualStudioVersion = 17.5.002.0
MinimumVisualStudioVersion = 10.0.40219.1
Project("{9A19103F-16F7-4668-BE54-9A1E7A4F7556}") = "ExClasses", "ExClasses.csproj", "{0B52155C-0374-48AA-B4D2-9C0F63C6F0D7}"
EndProject
Global
	GlobalSection(SolutionConfigurationPlatforms) = preSolution
		Debug|Any CPU = Debug|Any CPU
		Release|Any CPU = Release|Any CPU
	EndGlobalSection
	GlobalSection(ProjectConfigurationPlatforms) = postSolution
		{0B52155C-0374-48AA-B4D2-9C0F63C6F0D7}.Debug|Any CPU.ActiveCfg = Debug|Any CPU
		{0B52155C-0374-48AA-B4D2-9C0F63C6F0D7}.Debug|Any CPU.Build.0 = Debug|Any CPU
		{0B52155C-0374-48AA-B4D2-9C0F63C6F0D7}.Release|Any CPU.ActiveCfg = Release|Any CPU
		{0B52155C-0374-48AA-B4D2-9C0F63C6F0D7}.Release|Any CPU.Build.0 = Release|Any CPU
	EndGlobalSection
	GlobalSection(SolutionProperties) = preSolution
		HideSolutionNode = FALSE
	EndGlobalSection
	GlobalSection(ExtensibilityGlobals) = postSolution
		SolutionGuid = {2C0F5DE7-DFA8-4F08-9CE7-9371501B63F6}
	EndGlobalSection
EndGlobal
